
Microsoft Visual Studio Solution File, Format Version 12.00
# Visual Studio Version 16
VisualStudioVersion = 16.0.31624.102
MinimumVisualStudioVersion = 10.0.40219.1
Project("{FAE04EC0-301F-11D3-BF4B-00C04F79EFBC}") = "WishlistOffline2", "WishlistOffline2\WishlistOffline2.csproj", "{DB4ECC52-2B08-48E6-A35D-48AEE8BB29BD}"
EndProject
Global
	GlobalSection(SolutionConfigurationPlatforms) = preSolution
		Debug|Any CPU = Debug|Any CPU
		Release|Any CPU = Release|Any CPU
	EndGlobalSection
	GlobalSection(ProjectConfigurationPlatforms) = postSolution
		{DB4ECC52-2B08-48E6-A35D-48AEE8BB29BD}.Debug|Any CPU.ActiveCfg = Debug|Any CPU
		{DB4ECC52-2B08-48E6-A35D-48AEE8BB29BD}.Debug|Any CPU.Build.0 = Debug|Any CPU
		{DB4ECC52-2B08-48E6-A35D-48AEE8BB29BD}.Release|Any CPU.ActiveCfg = Release|Any CPU
		{DB4ECC52-2B08-48E6-A35D-48AEE8BB29BD}.Release|Any CPU.Build.0 = Release|Any CPU
	EndGlobalSection
	GlobalSection(SolutionProperties) = preSolution
		HideSolutionNode = FALSE
	EndGlobalSection
	GlobalSection(ExtensibilityGlobals) = postSolution
		SolutionGuid = {2CAF6DF9-EAEE-4CC0-B93C-5CA3116A0982}
	EndGlobalSection
EndGlobal
